
Microsoft Visual Studio Solution File, Format Version 12.00
# Visual Studio Version 17
VisualStudioVersion = 17.10.35201.131
MinimumVisualStudioVersion = 10.0.40219.1
Project("{9A19103F-16F7-4668-BE54-9A1E7A4F7556}") = "CA_Final_Regia.Web.API", "CA_Final_Regia\CA_Final_Regia.Web.API.csproj", "{CF3AD8B3-E8D4-4C28-98B2-83991AA063BA}"
EndProject
Project("{9A19103F-16F7-4668-BE54-9A1E7A4F7556}") = "CA_Final_Regia.Domain", "CA_Final_Regia.Domain\CA_Final_Regia.Domain.csproj", "{5EA82B51-A77D-46D3-8436-AB6E3BFAAA5A}"
EndProject
Project("{9A19103F-16F7-4668-BE54-9A1E7A4F7556}") = "CA_Final_Regia.Infrastructure", "CA_Final_Regia.Infrastructure\CA_Final_Regia.Infrastructure.csproj", "{D058A640-0137-4B14-8F3F-0A186CAE14D2}"
EndProject
Project("{2150E333-8FDC-42A3-9474-1A3956D46DE8}") = "Application", "Application", "{0D9CD18E-0FE8-46F8-AC12-D33665191EE2}"
EndProject
Project("{2150E333-8FDC-42A3-9474-1A3956D46DE8}") = "Domain", "Domain", "{43ACA159-2744-4618-A97A-46E0EDC7D9FB}"
EndProject
Project("{2150E333-8FDC-42A3-9474-1A3956D46DE8}") = "Infrastructure", "Infrastructure", "{D0D080E3-5087-4FA3-8213-450E334A0076}"
EndProject
Project("{2150E333-8FDC-42A3-9474-1A3956D46DE8}") = "Presentation", "Presentation", "{A7CB2A87-BA43-4DE1-9862-8950C9FAA1D8}"
EndProject
Project("{9A19103F-16F7-4668-BE54-9A1E7A4F7556}") = "CA_Final_Regia.IoC", "CA_Final_Regia.IoC\CA_Final_Regia.IoC.csproj", "{E1F32E18-6662-402B-9B5C-6433450BA474}"
EndProject
Project("{9A19103F-16F7-4668-BE54-9A1E7A4F7556}") = "CA_Final_Regia.Services", "CA_Final_Regia.Services\CA_Final_Regia.Services.csproj", "{59D48B7E-5077-4F03-80D2-E104C4398A0A}"
EndProject
Project("{2150E333-8FDC-42A3-9474-1A3956D46DE8}") = "Tests", "Tests", "{D97E6031-4E95-4B41-939E-5AFF5601E297}"
EndProject
Project("{FAE04EC0-301F-11D3-BF4B-00C04F79EFBC}") = "CA_Final_Regia.Web.API.Test", "CA_Final_Regia.Web.API.Test\CA_Final_Regia.Web.API.Test.csproj", "{06D8B432-9BAF-4A00-9E42-439EECDDF635}"
EndProject
Global
	GlobalSection(SolutionConfigurationPlatforms) = preSolution
		Debug|Any CPU = Debug|Any CPU
		Release|Any CPU = Release|Any CPU
	EndGlobalSection
	GlobalSection(ProjectConfigurationPlatforms) = postSolution
		{CF3AD8B3-E8D4-4C28-98B2-83991AA063BA}.Debug|Any CPU.ActiveCfg = Debug|Any CPU
		{CF3AD8B3-E8D4-4C28-98B2-83991AA063BA}.Debug|Any CPU.Build.0 = Debug|Any CPU
		{CF3AD8B3-E8D4-4C28-98B2-83991AA063BA}.Release|Any CPU.ActiveCfg = Release|Any CPU
		{CF3AD8B3-E8D4-4C28-98B2-83991AA063BA}.Release|Any CPU.Build.0 = Release|Any CPU
		{5EA82B51-A77D-46D3-8436-AB6E3BFAAA5A}.Debug|Any CPU.ActiveCfg = Debug|Any CPU
		{5EA82B51-A77D-46D3-8436-AB6E3BFAAA5A}.Debug|Any CPU.Build.0 = Debug|Any CPU
		{5EA82B51-A77D-46D3-8436-AB6E3BFAAA5A}.Release|Any CPU.ActiveCfg = Release|Any CPU
		{5EA82B51-A77D-46D3-8436-AB6E3BFAAA5A}.Release|Any CPU.Build.0 = Release|Any CPU
		{D058A640-0137-4B14-8F3F-0A186CAE14D2}.Debug|Any CPU.ActiveCfg = Debug|Any CPU
		{D058A640-0137-4B14-8F3F-0A186CAE14D2}.Debug|Any CPU.Build.0 = Debug|Any CPU
		{D058A640-0137-4B14-8F3F-0A186CAE14D2}.Release|Any CPU.ActiveCfg = Release|Any CPU
		{D058A640-0137-4B14-8F3F-0A186CAE14D2}.Release|Any CPU.Build.0 = Release|Any CPU
		{E1F32E18-6662-402B-9B5C-6433450BA474}.Debug|Any CPU.ActiveCfg = Debug|Any CPU
		{E1F32E18-6662-402B-9B5C-6433450BA474}.Debug|Any CPU.Build.0 = Debug|Any CPU
		{E1F32E18-6662-402B-9B5C-6433450BA474}.Release|Any CPU.ActiveCfg = Release|Any CPU
		{E1F32E18-6662-402B-9B5C-6433450BA474}.Release|Any CPU.Build.0 = Release|Any CPU
		{59D48B7E-5077-4F03-80D2-E104C4398A0A}.Debug|Any CPU.ActiveCfg = Debug|Any CPU
		{59D48B7E-5077-4F03-80D2-E104C4398A0A}.Debug|Any CPU.Build.0 = Debug|Any CPU
		{59D48B7E-5077-4F03-80D2-E104C4398A0A}.Release|Any CPU.ActiveCfg = Release|Any CPU
		{59D48B7E-5077-4F03-80D2-E104C4398A0A}.Release|Any CPU.Build.0 = Release|Any CPU
		{06D8B432-9BAF-4A00-9E42-439EECDDF635}.Debug|Any CPU.ActiveCfg = Debug|Any CPU
		{06D8B432-9BAF-4A00-9E42-439EECDDF635}.Debug|Any CPU.Build.0 = Debug|Any CPU
		{06D8B432-9BAF-4A00-9E42-439EECDDF635}.Release|Any CPU.ActiveCfg = Release|Any CPU
		{06D8B432-9BAF-4A00-9E42-439EECDDF635}.Release|Any CPU.Build.0 = Release|Any CPU
	EndGlobalSection
	GlobalSection(SolutionProperties) = preSolution
		HideSolutionNode = FALSE
	EndGlobalSection
	GlobalSection(NestedProjects) = preSolution
		{CF3AD8B3-E8D4-4C28-98B2-83991AA063BA} = {A7CB2A87-BA43-4DE1-9862-8950C9FAA1D8}
		{5EA82B51-A77D-46D3-8436-AB6E3BFAAA5A} = {43ACA159-2744-4618-A97A-46E0EDC7D9FB}
		{D058A640-0137-4B14-8F3F-0A186CAE14D2} = {D0D080E3-5087-4FA3-8213-450E334A0076}
		{E1F32E18-6662-402B-9B5C-6433450BA474} = {0D9CD18E-0FE8-46F8-AC12-D33665191EE2}
		{59D48B7E-5077-4F03-80D2-E104C4398A0A} = {0D9CD18E-0FE8-46F8-AC12-D33665191EE2}
		{06D8B432-9BAF-4A00-9E42-439EECDDF635} = {D97E6031-4E95-4B41-939E-5AFF5601E297}
	EndGlobalSection
	GlobalSection(ExtensibilityGlobals) = postSolution
		SolutionGuid = {0C2D3C3C-0740-4664-BB0C-F8C80FE6465A}
	EndGlobalSection
EndGlobal
